Microsoft Visual Studio Solution File, Format Version 12.00
# Visual Studio 2012
Project("{FAE04EC0-301F-11D3-BF4B-00C04F79EFBC}") = "RimWorld-MTT", "RimWorld-MTT.csproj", "{235F5B8E-4F59-4439-AA92-4EBD1818F960}"
EndProject
Global
	GlobalSection(SolutionConfigurationPlatforms) = preSolution
	Debug|Any CPU = Debug|Any CPU
	ExportDebug|Any CPU = ExportDebug|Any CPU
	ExportRelease|Any CPU = ExportRelease|Any CPU
	EndGlobalSection
	GlobalSection(ProjectConfigurationPlatforms) = postSolution
		{235F5B8E-4F59-4439-AA92-4EBD1818F960}.Debug|Any CPU.ActiveCfg = Debug|Any CPU
		{235F5B8E-4F59-4439-AA92-4EBD1818F960}.Debug|Any CPU.Build.0 = Debug|Any CPU
		{235F5B8E-4F59-4439-AA92-4EBD1818F960}.ExportDebug|Any CPU.ActiveCfg = ExportDebug|Any CPU
		{235F5B8E-4F59-4439-AA92-4EBD1818F960}.ExportDebug|Any CPU.Build.0 = ExportDebug|Any CPU
		{235F5B8E-4F59-4439-AA92-4EBD1818F960}.ExportRelease|Any CPU.ActiveCfg = ExportRelease|Any CPU
		{235F5B8E-4F59-4439-AA92-4EBD1818F960}.ExportRelease|Any CPU.Build.0 = ExportRelease|Any CPU
	EndGlobalSection
EndGlobal
